<?xml version='1.0' encoding='utf-8'?>
<Project xmlns="http://schemas.microsoft.com/developer/msbuild/2003" ToolsVersion="4.0">
  <ItemGroup>
    <Filter Include="Source Files">
      <UniqueIdentifier>{4FC737F1-C7A5-4376-A066-2A32D752A2FF}</UniqueIdentifier>
      <Extensions>cpp;c;cxx;def;odl;idl;hpj;bat;asm;asmx</Extensions>
    </Filter>
    <Filter Include="Header Files">
      <UniqueIdentifier>{93995380-89BD-4b04-88EB-625FBE52EBFB}</UniqueIdentifier>
      <Extensions>h;hpp;hxx;hm;inl;inc;xsd</Extensions>
    </Filter>
    <Filter Include="Source Files\Utils">
      <UniqueIdentifier>{4fd22977-7744-4c75-91fc-764d136eba34}</UniqueIdentifier>
    </Filter>
    <Filter Include="Header Files\Utils">
      <UniqueIdentifier>{df840346-9409-42be-93a0-1446945780db}</UniqueIdentifier>
    </Filter>
  </ItemGroup>
  <ItemGroup>
    <ClInclude Include="stdafx.h">
      <Filter>Header Files</Filter>
    </ClInclude>
    <ClInclude Include="Utils\Utilities.h">
      <Filter>Header Files\Utils</Filter>
    </ClInclude>
    <ClInclude Include="Main.h">
      <Filter>Header Files</Filter>
    </ClInclude>
    <ClInclude Include="Utils\Detour.h">
      <Filter>Header Files\Utils</Filter>
    </ClInclude>
    <ClInclude Include="CNicBase.h">
      <Filter>Header Files</Filter>
    </ClInclude>
    <ClInclude Include="CUsbEnet.h">
      <Filter>Header Files</Filter>
    </ClInclude>
    <ClInclude Include="Usbd.h">
      <Filter>Header Files</Filter>
    </ClInclude>
    <ClInclude Include="CNicUser.h">
      <Filter>Header Files</Filter>
    </ClInclude>
    <ClInclude Include="Utils\ntstatus.h">
      <Filter>Header Files\Utils</Filter>
    </ClInclude>
    <ClInclude Include="UsbEnet.h">
      <Filter>Header Files</Filter>
    </ClInclude>
    <ClInclude Include="Hooks.h">
      <Filter>Header Files</Filter>
    </ClInclude>
    <ClInclude Include="UsbEnetChipset.h">
      <Filter>Header Files</Filter>
    </ClInclude>
    <ClInclude Include="Ax88178.h">
      <Filter>Header Files</Filter>
    </ClInclude>
    <ClInclude Include="Ax88179x_178A_772D.h">
      <Filter>Header Files</Filter>
    </ClInclude>
    <ClInclude Include="Rtl8153.h">
      <Filter>Header Files</Filter>
    </ClInclude>
  </ItemGroup>
  <ItemGroup>
    <ClCompile Include="Utils\Utilities.cpp">
      <Filter>Source Files\Utils</Filter>
    </ClCompile>
    <ClCompile Include="stdafx.cpp">
      <Filter>Source Files</Filter>
    </ClCompile>
    <ClCompile Include="Main.cpp">
      <Filter>Source Files</Filter>
    </ClCompile>
    <ClCompile Include="Utils\Detour.cpp">
      <Filter>Source Files\Utils</Filter>
    </ClCompile>
    <ClCompile Include="CNicBase.cpp">
      <Filter>Source Files</Filter>
    </ClCompile>
    <ClCompile Include="CUsbEnet.cpp">
      <Filter>Source Files</Filter>
    </ClCompile>
    <ClCompile Include="UsbEnet.cpp">
      <Filter>Source Files</Filter>
    </ClCompile>
    <ClCompile Include="Hooks.cpp">
      <Filter>Source Files</Filter>
    </ClCompile>
    <ClCompile Include="UsbEnetChipset.cpp">
      <Filter>Source Files</Filter>
    </ClCompile>
    <ClCompile Include="Ax88178.cpp">
      <Filter>Source Files</Filter>
    </ClCompile>
    <ClCompile Include="Ax88179x_178A_772D.cpp">
      <Filter>Source Files</Filter>
    </ClCompile>
    <ClCompile Include="Rtl8153.cpp">
      <Filter>Source Files</Filter>
    </ClCompile>
  </ItemGroup>
  <ItemGroup>
    <None Include="CUsbEnet.xml" />
  </ItemGroup>
</Project>